
Microsoft Visual Studio Solution File, Format Version 12.00
# Visual Studio Version 16
VisualStudioVersion = 16.0.30611.23
MinimumVisualStudioVersion = 10.0.40219.1
Project("{FAE04EC0-301F-11D3-BF4B-00C04F79EFBC}") = "var_object_dynamic_fark", "var_object_dynamic_fark\var_object_dynamic_fark.csproj", "{B994DD6A-4C0B-485F-8599-A24D833225EC}"
EndProject
Project("{FAE04EC0-301F-11D3-BF4B-00C04F79EFBC}") = "DLR(DynamicLanguageRuntime)", "DLR(DynamicLanguageRuntime)\DLR(DynamicLanguageRuntime).csproj", "{6862405B-AFC8-4028-9AE3-2D552652CDBD}"
EndProject
Global
	GlobalSection(SolutionConfigurationPlatforms) = preSolution
		Debug|Any CPU = Debug|Any CPU
		Release|Any CPU = Release|Any CPU
	EndGlobalSection
	GlobalSection(ProjectConfigurationPlatforms) = postSolution
		{B994DD6A-4C0B-485F-8599-A24D833225EC}.Debug|Any CPU.ActiveCfg = Debug|Any CPU
		{B994DD6A-4C0B-485F-8599-A24D833225EC}.Debug|Any CPU.Build.0 = Debug|Any CPU
		{B994DD6A-4C0B-485F-8599-A24D833225EC}.Release|Any CPU.ActiveCfg = Release|Any CPU
		{B994DD6A-4C0B-485F-8599-A24D833225EC}.Release|Any CPU.Build.0 = Release|Any CPU
		{6862405B-AFC8-4028-9AE3-2D552652CDBD}.Debug|Any CPU.ActiveCfg = Debug|Any CPU
		{6862405B-AFC8-4028-9AE3-2D552652CDBD}.Debug|Any CPU.Build.0 = Debug|Any CPU
		{6862405B-AFC8-4028-9AE3-2D552652CDBD}.Release|Any CPU.ActiveCfg = Release|Any CPU
		{6862405B-AFC8-4028-9AE3-2D552652CDBD}.Release|Any CPU.Build.0 = Release|Any CPU
	EndGlobalSection
	GlobalSection(SolutionProperties) = preSolution
		HideSolutionNode = FALSE
	EndGlobalSection
	GlobalSection(ExtensibilityGlobals) = postSolution
		SolutionGuid = {BFF4FF82-0C1A-40C4-B186-52F3B3027695}
	EndGlobalSection
EndGlobal
