
Microsoft Visual Studio Solution File, Format Version 12.00
# Visual Studio Version 16
VisualStudioVersion = 16.0.30611.23
MinimumVisualStudioVersion = 10.0.40219.1
Project("{FAE04EC0-301F-11D3-BF4B-00C04F79EFBC}") = "var_object_dynamic_fark", "var_object_dynamic_fark\var_object_dynamic_fark.csproj", "{B994DD6A-4C0B-485F-8599-A24D833225EC}"
EndProject
Project("{FAE04EC0-301F-11D3-BF4B-00C04F79EFBC}") = "DLR(DynamicLanguageRuntime)", "DLR(DynamicLanguageRuntime)\DLR(DynamicLanguageRuntime).csproj", "{6862405B-AFC8-4028-9AE3-2D552652CDBD}"
EndProject
Project("{FAE04EC0-301F-11D3-BF4B-00C04F79EFBC}") = "CokBoyutluDiziler", "CokBoyutluDiziler\CokBoyutluDiziler.csproj", "{A21AB679-E80F-48E5-A26D-A485736C6AEA}"
EndProject
Project("{FAE04EC0-301F-11D3-BF4B-00C04F79EFBC}") = "Listeler", "Listeler\Listeler.csproj", "{4F45B579-96BF-40C0-B18E-AA2E23670763}"
EndProject
Project("{FAE04EC0-301F-11D3-BF4B-00C04F79EFBC}") = "ParamsAnahtari", "ParamsAnahtari\ParamsAnahtari.csproj", "{36165C7F-CE51-4E2C-9412-9BCDF15786DC}"
EndProject
Project("{FAE04EC0-301F-11D3-BF4B-00C04F79EFBC}") = "const_sabitdegerler", "const_sabitdegerler\const_sabitdegerler.csproj", "{B3C9B2D9-152D-41AA-B4FB-7E706F7D5FE4}"
EndProject
Project("{FAE04EC0-301F-11D3-BF4B-00C04F79EFBC}") = "sınıflar", "sınıflar\sınıflar.csproj", "{62DE9FF4-428A-4660-A932-071B67C3729D}"
EndProject
Project("{FAE04EC0-301F-11D3-BF4B-00C04F79EFBC}") = "ErisimBelirleyicileri", "ErisimBelirleyicileri\ErisimBelirleyicileri.csproj", "{17F40176-AF2D-4F1F-BAB7-477F2FE7A8CA}"
EndProject
Project("{FAE04EC0-301F-11D3-BF4B-00C04F79EFBC}") = "KurucuMethodlar", "KurucuMethodlar\KurucuMethodlar.csproj", "{BC52AE2D-CA86-4177-A113-E42E7DD08351}"
EndProject
Project("{FAE04EC0-301F-11D3-BF4B-00C04F79EFBC}") = "AsiriYuklemeMethodOverloading", "AsiriYuklemeMethodOverloading\AsiriYuklemeMethodOverloading.csproj", "{3F3B2BCC-35C9-4E91-A5D4-E15E6A2C473C}"
EndProject
Project("{FAE04EC0-301F-11D3-BF4B-00C04F79EFBC}") = "Enum", "Enum\Enum.csproj", "{078B58EF-E689-46BD-950B-2CDC44689753}"
EndProject
Project("{FAE04EC0-301F-11D3-BF4B-00C04F79EFBC}") = "Encapsullation", "Encapsullation\Encapsullation.csproj", "{FF090631-CBFF-4AD2-B666-14BB7724EDD6}"
EndProject
Project("{FAE04EC0-301F-11D3-BF4B-00C04F79EFBC}") = "Inheritiance(Kalitim)", "Inheritiance(Kalitim)\Inheritiance(Kalitim).csproj", "{C586463B-4706-4E9A-93BE-30BFF1BA9217}"
EndProject
Project("{FAE04EC0-301F-11D3-BF4B-00C04F79EFBC}") = "BaseAnahtarKelimesi", "BaseAnahtarKelimesi\BaseAnahtarKelimesi.csproj", "{412FC12B-EBBE-43E9-ABEA-B48EC6B2A80B}"
EndProject
Project("{FAE04EC0-301F-11D3-BF4B-00C04F79EFBC}") = "DegerveReferansTipler", "DegerveReferansTipler\DegerveReferansTipler.csproj", "{97E30B61-9DA7-4E7E-BEBF-BFA9F808A797}"
EndProject
Project("{FAE04EC0-301F-11D3-BF4B-00C04F79EFBC}") = "RefveOutAnahtarKelimeleri", "RefveOutAnahtarKelimeleri\RefveOutAnahtarKelimeleri.csproj", "{73644C67-C2FE-4EE5-A7A3-59D0DE52B8C7}"
EndProject
Project("{FAE04EC0-301F-11D3-BF4B-00C04F79EFBC}") = "StaticveNonstatic", "StaticveNonstatic\StaticveNonstatic.csproj", "{37A21914-9B5D-482B-A532-75607B7ED5F0}"
EndProject
Project("{FAE04EC0-301F-11D3-BF4B-00C04F79EFBC}") = "GarbageCollectionveYıkıcıMetodlar", "GarbageCollectionveYıkıcıMetodlar\GarbageCollectionveYıkıcıMetodlar.csproj", "{6516CEC9-CC38-47E7-A050-F1FB61400550}"
EndProject
Project("{FAE04EC0-301F-11D3-BF4B-00C04F79EFBC}") = "ExceptionsHataYönetimi", "ExceptionsHataYönetimi\ExceptionsHataYönetimi.csproj", "{AB36077B-DFF9-446A-BDDE-9B2811B5B1C0}"
EndProject
Project("{FAE04EC0-301F-11D3-BF4B-00C04F79EFBC}") = "SingletonDesignPattern", "SingletonDesignPattern\SingletonDesignPattern.csproj", "{01CEE65F-6C25-40FD-A6D5-A412A853D2A3}"
EndProject
Project("{FAE04EC0-301F-11D3-BF4B-00C04F79EFBC}") = "FactoryMethodDesignPattern", "FactoryMethodDesignPattern\FactoryMethodDesignPattern.csproj", "{626CFCCB-59A5-45B7-9DB4-437358E0F4E2}"
EndProject
Global
	GlobalSection(SolutionConfigurationPlatforms) = preSolution
		Debug|Any CPU = Debug|Any CPU
		Release|Any CPU = Release|Any CPU
	EndGlobalSection
	GlobalSection(ProjectConfigurationPlatforms) = postSolution
		{B994DD6A-4C0B-485F-8599-A24D833225EC}.Debug|Any CPU.ActiveCfg = Debug|Any CPU
		{B994DD6A-4C0B-485F-8599-A24D833225EC}.Debug|Any CPU.Build.0 = Debug|Any CPU
		{B994DD6A-4C0B-485F-8599-A24D833225EC}.Release|Any CPU.ActiveCfg = Release|Any CPU
		{B994DD6A-4C0B-485F-8599-A24D833225EC}.Release|Any CPU.Build.0 = Release|Any CPU
		{6862405B-AFC8-4028-9AE3-2D552652CDBD}.Debug|Any CPU.ActiveCfg = Debug|Any CPU
		{6862405B-AFC8-4028-9AE3-2D552652CDBD}.Debug|Any CPU.Build.0 = Debug|Any CPU
		{6862405B-AFC8-4028-9AE3-2D552652CDBD}.Release|Any CPU.ActiveCfg = Release|Any CPU
		{6862405B-AFC8-4028-9AE3-2D552652CDBD}.Release|Any CPU.Build.0 = Release|Any CPU
		{A21AB679-E80F-48E5-A26D-A485736C6AEA}.Debug|Any CPU.ActiveCfg = Debug|Any CPU
		{A21AB679-E80F-48E5-A26D-A485736C6AEA}.Debug|Any CPU.Build.0 = Debug|Any CPU
		{A21AB679-E80F-48E5-A26D-A485736C6AEA}.Release|Any CPU.ActiveCfg = Release|Any CPU
		{A21AB679-E80F-48E5-A26D-A485736C6AEA}.Release|Any CPU.Build.0 = Release|Any CPU
		{4F45B579-96BF-40C0-B18E-AA2E23670763}.Debug|Any CPU.ActiveCfg = Debug|Any CPU
		{4F45B579-96BF-40C0-B18E-AA2E23670763}.Debug|Any CPU.Build.0 = Debug|Any CPU
		{4F45B579-96BF-40C0-B18E-AA2E23670763}.Release|Any CPU.ActiveCfg = Release|Any CPU
		{4F45B579-96BF-40C0-B18E-AA2E23670763}.Release|Any CPU.Build.0 = Release|Any CPU
		{36165C7F-CE51-4E2C-9412-9BCDF15786DC}.Debug|Any CPU.ActiveCfg = Debug|Any CPU
		{36165C7F-CE51-4E2C-9412-9BCDF15786DC}.Debug|Any CPU.Build.0 = Debug|Any CPU
		{36165C7F-CE51-4E2C-9412-9BCDF15786DC}.Release|Any CPU.ActiveCfg = Release|Any CPU
		{36165C7F-CE51-4E2C-9412-9BCDF15786DC}.Release|Any CPU.Build.0 = Release|Any CPU
		{B3C9B2D9-152D-41AA-B4FB-7E706F7D5FE4}.Debug|Any CPU.ActiveCfg = Debug|Any CPU
		{B3C9B2D9-152D-41AA-B4FB-7E706F7D5FE4}.Debug|Any CPU.Build.0 = Debug|Any CPU
		{B3C9B2D9-152D-41AA-B4FB-7E706F7D5FE4}.Release|Any CPU.ActiveCfg = Release|Any CPU
		{B3C9B2D9-152D-41AA-B4FB-7E706F7D5FE4}.Release|Any CPU.Build.0 = Release|Any CPU
		{62DE9FF4-428A-4660-A932-071B67C3729D}.Debug|Any CPU.ActiveCfg = Debug|Any CPU
		{62DE9FF4-428A-4660-A932-071B67C3729D}.Debug|Any CPU.Build.0 = Debug|Any CPU
		{62DE9FF4-428A-4660-A932-071B67C3729D}.Release|Any CPU.ActiveCfg = Release|Any CPU
		{62DE9FF4-428A-4660-A932-071B67C3729D}.Release|Any CPU.Build.0 = Release|Any CPU
		{17F40176-AF2D-4F1F-BAB7-477F2FE7A8CA}.Debug|Any CPU.ActiveCfg = Debug|Any CPU
		{17F40176-AF2D-4F1F-BAB7-477F2FE7A8CA}.Debug|Any CPU.Build.0 = Debug|Any CPU
		{17F40176-AF2D-4F1F-BAB7-477F2FE7A8CA}.Release|Any CPU.ActiveCfg = Release|Any CPU
		{17F40176-AF2D-4F1F-BAB7-477F2FE7A8CA}.Release|Any CPU.Build.0 = Release|Any CPU
		{BC52AE2D-CA86-4177-A113-E42E7DD08351}.Debug|Any CPU.ActiveCfg = Debug|Any CPU
		{BC52AE2D-CA86-4177-A113-E42E7DD08351}.Debug|Any CPU.Build.0 = Debug|Any CPU
		{BC52AE2D-CA86-4177-A113-E42E7DD08351}.Release|Any CPU.ActiveCfg = Release|Any CPU
		{BC52AE2D-CA86-4177-A113-E42E7DD08351}.Release|Any CPU.Build.0 = Release|Any CPU
		{3F3B2BCC-35C9-4E91-A5D4-E15E6A2C473C}.Debug|Any CPU.ActiveCfg = Debug|Any CPU
		{3F3B2BCC-35C9-4E91-A5D4-E15E6A2C473C}.Debug|Any CPU.Build.0 = Debug|Any CPU
		{3F3B2BCC-35C9-4E91-A5D4-E15E6A2C473C}.Release|Any CPU.ActiveCfg = Release|Any CPU
		{3F3B2BCC-35C9-4E91-A5D4-E15E6A2C473C}.Release|Any CPU.Build.0 = Release|Any CPU
		{078B58EF-E689-46BD-950B-2CDC44689753}.Debug|Any CPU.ActiveCfg = Debug|Any CPU
		{078B58EF-E689-46BD-950B-2CDC44689753}.Debug|Any CPU.Build.0 = Debug|Any CPU
		{078B58EF-E689-46BD-950B-2CDC44689753}.Release|Any CPU.ActiveCfg = Release|Any CPU
		{078B58EF-E689-46BD-950B-2CDC44689753}.Release|Any CPU.Build.0 = Release|Any CPU
		{FF090631-CBFF-4AD2-B666-14BB7724EDD6}.Debug|Any CPU.ActiveCfg = Debug|Any CPU
		{FF090631-CBFF-4AD2-B666-14BB7724EDD6}.Debug|Any CPU.Build.0 = Debug|Any CPU
		{FF090631-CBFF-4AD2-B666-14BB7724EDD6}.Release|Any CPU.ActiveCfg = Release|Any CPU
		{FF090631-CBFF-4AD2-B666-14BB7724EDD6}.Release|Any CPU.Build.0 = Release|Any CPU
		{C586463B-4706-4E9A-93BE-30BFF1BA9217}.Debug|Any CPU.ActiveCfg = Debug|Any CPU
		{C586463B-4706-4E9A-93BE-30BFF1BA9217}.Debug|Any CPU.Build.0 = Debug|Any CPU
		{C586463B-4706-4E9A-93BE-30BFF1BA9217}.Release|Any CPU.ActiveCfg = Release|Any CPU
		{C586463B-4706-4E9A-93BE-30BFF1BA9217}.Release|Any CPU.Build.0 = Release|Any CPU
		{412FC12B-EBBE-43E9-ABEA-B48EC6B2A80B}.Debug|Any CPU.ActiveCfg = Debug|Any CPU
		{412FC12B-EBBE-43E9-ABEA-B48EC6B2A80B}.Debug|Any CPU.Build.0 = Debug|Any CPU
		{412FC12B-EBBE-43E9-ABEA-B48EC6B2A80B}.Release|Any CPU.ActiveCfg = Release|Any CPU
		{412FC12B-EBBE-43E9-ABEA-B48EC6B2A80B}.Release|Any CPU.Build.0 = Release|Any CPU
		{97E30B61-9DA7-4E7E-BEBF-BFA9F808A797}.Debug|Any CPU.ActiveCfg = Debug|Any CPU
		{97E30B61-9DA7-4E7E-BEBF-BFA9F808A797}.Debug|Any CPU.Build.0 = Debug|Any CPU
		{97E30B61-9DA7-4E7E-BEBF-BFA9F808A797}.Release|Any CPU.ActiveCfg = Release|Any CPU
		{97E30B61-9DA7-4E7E-BEBF-BFA9F808A797}.Release|Any CPU.Build.0 = Release|Any CPU
		{73644C67-C2FE-4EE5-A7A3-59D0DE52B8C7}.Debug|Any CPU.ActiveCfg = Debug|Any CPU
		{73644C67-C2FE-4EE5-A7A3-59D0DE52B8C7}.Debug|Any CPU.Build.0 = Debug|Any CPU
		{73644C67-C2FE-4EE5-A7A3-59D0DE52B8C7}.Release|Any CPU.ActiveCfg = Release|Any CPU
		{73644C67-C2FE-4EE5-A7A3-59D0DE52B8C7}.Release|Any CPU.Build.0 = Release|Any CPU
		{37A21914-9B5D-482B-A532-75607B7ED5F0}.Debug|Any CPU.ActiveCfg = Debug|Any CPU
		{37A21914-9B5D-482B-A532-75607B7ED5F0}.Debug|Any CPU.Build.0 = Debug|Any CPU
		{37A21914-9B5D-482B-A532-75607B7ED5F0}.Release|Any CPU.ActiveCfg = Release|Any CPU
		{37A21914-9B5D-482B-A532-75607B7ED5F0}.Release|Any CPU.Build.0 = Release|Any CPU
		{6516CEC9-CC38-47E7-A050-F1FB61400550}.Debug|Any CPU.ActiveCfg = Debug|Any CPU
		{6516CEC9-CC38-47E7-A050-F1FB61400550}.Debug|Any CPU.Build.0 = Debug|Any CPU
		{6516CEC9-CC38-47E7-A050-F1FB61400550}.Release|Any CPU.ActiveCfg = Release|Any CPU
		{6516CEC9-CC38-47E7-A050-F1FB61400550}.Release|Any CPU.Build.0 = Release|Any CPU
		{AB36077B-DFF9-446A-BDDE-9B2811B5B1C0}.Debug|Any CPU.ActiveCfg = Debug|Any CPU
		{AB36077B-DFF9-446A-BDDE-9B2811B5B1C0}.Debug|Any CPU.Build.0 = Debug|Any CPU
		{AB36077B-DFF9-446A-BDDE-9B2811B5B1C0}.Release|Any CPU.ActiveCfg = Release|Any CPU
		{AB36077B-DFF9-446A-BDDE-9B2811B5B1C0}.Release|Any CPU.Build.0 = Release|Any CPU
		{01CEE65F-6C25-40FD-A6D5-A412A853D2A3}.Debug|Any CPU.ActiveCfg = Debug|Any CPU
		{01CEE65F-6C25-40FD-A6D5-A412A853D2A3}.Debug|Any CPU.Build.0 = Debug|Any CPU
		{01CEE65F-6C25-40FD-A6D5-A412A853D2A3}.Release|Any CPU.ActiveCfg = Release|Any CPU
		{01CEE65F-6C25-40FD-A6D5-A412A853D2A3}.Release|Any CPU.Build.0 = Release|Any CPU
		{626CFCCB-59A5-45B7-9DB4-437358E0F4E2}.Debug|Any CPU.ActiveCfg = Debug|Any CPU
		{626CFCCB-59A5-45B7-9DB4-437358E0F4E2}.Debug|Any CPU.Build.0 = Debug|Any CPU
		{626CFCCB-59A5-45B7-9DB4-437358E0F4E2}.Release|Any CPU.ActiveCfg = Release|Any CPU
		{626CFCCB-59A5-45B7-9DB4-437358E0F4E2}.Release|Any CPU.Build.0 = Release|Any CPU
	EndGlobalSection
	GlobalSection(SolutionProperties) = preSolution
		HideSolutionNode = FALSE
	EndGlobalSection
	GlobalSection(ExtensibilityGlobals) = postSolution
		SolutionGuid = {BFF4FF82-0C1A-40C4-B186-52F3B3027695}
	EndGlobalSection
EndGlobal
